{
  "name": "pdf-highlighter",
  "version": "0.0.1",
  "lockfileVersion": 1,
  "requires": true,
  "dependencies": {
    "@types/pdfjs-dist": {
      "version": "2.1.6",
      "resolved": "https://registry.npmjs.org/@types/pdfjs-dist/-/pdfjs-dist-2.1.6.tgz",
      "integrity": "sha512-atQ3Dqgc3uKjNu9lCW/G7jhl875iXVErkSWoH8gEqMEpHP+GSuhkxAEaEImZCefeolz1tvWNGcZ/0/jCaVM9EQ=="
    },
    "pdfjs-dist": {
      "version": "2.5.207",
      "resolved": "https://registry.npmjs.org/pdfjs-dist/-/pdfjs-dist-2.5.207.tgz",
      "integrity": "sha512-xGDUhnCYPfHy+unMXCLCJtlpZaaZ17Ew3WIL0tnSgKFUZXHAPD49GO9xScyszSsQMoutNDgRb+rfBXIaX/lJbw=="
    },
    "tslib": {
      "version": "2.0.3",
      "resolved": "https://registry.npmjs.org/tslib/-/tslib-2.0.3.tgz",
      "integrity": "sha512-uZtkfKblCEQtZKBF6EBXVZeQNl82yqtDQdv+eck8u7tdPxjLu2/lp5/uPW+um2tpuxINHWy3GhiccY7QgEaVHQ=="
    }
  }
}
